// !$*UTF8*$!
{
	archiveVersion = 1;
	classes = {
	};
	objectVersion = 56;
	objects = {

/* Begin PBXBuildFile section */
		04B913F52ACF91C90090C17D /* Mobile_Computing_W04App.swift in Sources */ = {isa = PBXBuildFile; fileRef = 04B913F42ACF91C90090C17D /* Mobile_Computing_W04App.swift */; };
		04B913F72ACF91C90090C17D /* ContentView.swift in Sources */ = {isa = PBXBuildFile; fileRef = 04B913F62ACF91C90090C17D /* ContentView.swift */; };
		04B913F92ACF91CB0090C17D /* Assets.xcassets in Resources */ = {isa = PBXBuildFile; fileRef = 04B913F82ACF91CB0090C17D /* Assets.xcassets */; };
		04B913FC2ACF91CB0090C17D /* Preview Assets.xcassets in Resources */ = {isa = PBXBuildFile; fileRef = 04B913FB2ACF91CB0090C17D /* Preview Assets.xcassets */; };
		04B914062ACF91CB0090C17D /* Mobile_Computing_W04Tests.swift in Sources */ = {isa = PBXBuildFile; fileRef = 04B914052ACF91CB0090C17D /* Mobile_Computing_W04Tests.swift */; };
		04B914102ACF91CB0090C17D /* Mobile_Computing_W04UITests.swift in Sources */ = {isa = PBXBuildFile; fileRef = 04B9140F2ACF91CB0090C17D /* Mobile_Computing_W04UITests.swift */; };
		04B914122ACF91CB0090C17D /* Mobile_Computing_W04UITestsLaunchTests.swift in Sources */ = {isa = PBXBuildFile; fileRef = 04B914112ACF91CB0090C17D /* Mobile_Computing_W04UITestsLaunchTests.swift */; };
/* End PBXBuildFile section */

/* Begin PBXContainerItemProxy section */
		04B914022ACF91CB0090C17D /* PBXContainerItemProxy */ = {
			isa = PBXContainerItemProxy;
			containerPortal = 04B913E92ACF91C90090C17D /* Project object */;
			proxyType = 1;
			remoteGlobalIDString = 04B913F02ACF91C90090C17D;
			remoteInfo = "Mobile Computing_W04";
		};
		04B9140C2ACF91CB0090C17D /* PBXContainerItemProxy */ = {
			isa = PBXContainerItemProxy;
			containerPortal = 04B913E92ACF91C90090C17D /* Project object */;
			proxyType = 1;
			remoteGlobalIDString = 04B913F02ACF91C90090C17D;
			remoteInfo = "Mobile Computing_W04";
		};
/* End PBXContainerItemProxy section */

/* Begin PBXFileReference section */
		04B913F12ACF91C90090C17D /* Mobile Computing_W04.app */ = {isa = PBXFileReference; explicitFileType = wrapper.application; includeInIndex = 0; path = "Mobile Computing_W04.app"; sourceTree = BUILT_PRODUCTS_DIR; };
		04B913F42ACF91C90090C17D /* Mobile_Computing_W04App.swift */ = {isa = PBXFileReference; lastKnownFileType = sourcecode.swift; path = Mobile_Computing_W04App.swift; sourceTree = "<group>"; };
		04B913F62ACF91C90090C17D /* ContentView.swift */ = {isa = PBXFileReference; lastKnownFileType = sourcecode.swift; path = ContentView.swift; sourceTree = "<group>"; };
		04B913F82ACF91CB0090C17D /* Assets.xcassets */ = {isa = PBXFileReference; lastKnownFileType = folder.assetcatalog; path = Assets.xcassets; sourceTree = "<group>"; };
		04B913FB2ACF91CB0090C17D /* Preview Assets.xcassets */ = {isa = PBXFileReference; lastKnownFileType = folder.assetcatalog; path = "Preview Assets.xcassets"; sourceTree = "<group>"; };
		04B914012ACF91CB0090C17D /* Mobile Computing_W04Tests.xctest */ = {isa = PBXFileReference; explicitFileType = wrapper.cfbundle; includeInIndex = 0; path = "Mobile Computing_W04Tests.xctest"; sourceTree = BUILT_PRODUCTS_DIR; };
		04B914052ACF91CB0090C17D /* Mobile_Computing_W04Tests.swift */ = {isa = PBXFileReference; lastKnownFileType = sourcecode.swift; path = Mobile_Computing_W04Tests.swift; sourceTree = "<group>"; };
		04B9140B2ACF91CB0090C17D /* Mobile Computing_W04UITests.xctest */ = {isa = PBXFileReference; explicitFileType = wrapper.cfbundle; includeInIndex = 0; path = "Mobile Computing_W04UITests.xctest"; sourceTree = BUILT_PRODUCTS_DIR; };
		04B9140F2ACF91CB0090C17D /* Mobile_Computing_W04UITests.swift */ = {isa = PBXFileReference; lastKnownFileType = sourcecode.swift; path = Mobile_Computing_W04UITests.swift; sourceTree = "<group>"; };
		04B914112ACF91CB0090C17D /* Mobile_Computing_W04UITestsLaunchTests.swift */ = {isa = PBXFileReference; lastKnownFileType = sourcecode.swift; path = Mobile_Computing_W04UITestsLaunchTests.swift; sourceTree = "<group>"; };
/* End PBXFileReference section */

/* Begin PBXFrameworksBuildPhase section */
		04B913EE2ACF91C90090C17D /* Frameworks */ = {
			isa = PBXFrameworksBuildPhase;
			buildActionMask = 2147483647;
			files = (
			);
			runOnlyForDeploymentPostprocessing = 0;
		};
		04B913FE2ACF91CB0090C17D /* Frameworks */ = {
			isa = PBXFrameworksBuildPhase;
			buildActionMask = 2147483647;
			files = (
			);
			runOnlyForDeploymentPostprocessing = 0;
		};
		04B914082ACF91CB0090C17D /* Frameworks */ = {
			isa = PBXFrameworksBuildPhase;
			buildActionMask = 2147483647;
			files = (
			);
			runOnlyForDeploymentPostprocessing = 0;
		};
/* End PBXFrameworksBuildPhase section */

/* Begin PBXGroup section */
		04B913E82ACF91C90090C17D = {
			isa = PBXGroup;
			children = (
				04B913F32ACF91C90090C17D /* Mobile Computing_W04 */,
				04B914042ACF91CB0090C17D /* Mobile Computing_W04Tests */,
				04B9140E2ACF91CB0090C17D /* Mobile Computing_W04UITests */,
				04B913F22ACF91C90090C17D /* Products */,
			);
			sourceTree = "<group>";
		};
		04B913F22ACF91C90090C17D /* Products */ = {
			isa = PBXGroup;
			children = (
				04B913F12ACF91C90090C17D /* Mobile Computing_W04.app */,
				04B914012ACF91CB0090C17D /* Mobile Computing_W04Tests.xctest */,
				04B9140B2ACF91CB0090C17D /* Mobile Computing_W04UITests.xctest */,
			);
			name = Products;
			sourceTree = "<group>";
		};
		04B913F32ACF91C90090C17D /* Mobile Computing_W04 */ = {
			isa = PBXGroup;
			children = (
				04B913F42ACF91C90090C17D /* Mobile_Computing_W04App.swift */,
				04B913F62ACF91C90090C17D /* ContentView.swift */,
				04B913F82ACF91CB0090C17D /* Assets.xcassets */,
				04B913FA2ACF91CB0090C17D /* Preview Content */,
			);
			path = "Mobile Computing_W04";
			sourceTree = "<group>";
		};
		04B913FA2ACF91CB0090C17D /* Preview Content */ = {
			isa = PBXGroup;
			children = (
				04B913FB2ACF91CB0090C17D /* Preview Assets.xcassets */,
			);
			path = "Preview Content";
			sourceTree = "<group>";
		};
		04B914042ACF91CB0090C17D /* Mobile Computing_W04Tests */ = {
			isa = PBXGroup;
			children = (
				04B914052ACF91CB0090C17D /* Mobile_Computing_W04Tests.swift */,
			);
			path = "Mobile Computing_W04Tests";
			sourceTree = "<group>";
		};
		04B9140E2ACF91CB0090C17D /* Mobile Computing_W04UITests */ = {
			isa = PBXGroup;
			children = (
				04B9140F2ACF91CB0090C17D /* Mobile_Computing_W04UITests.swift */,
				04B914112ACF91CB0090C17D /* Mobile_Computing_W04UITestsLaunchTests.swift */,
			);
			path = "Mobile Computing_W04UITests";
			sourceTree = "<group>";
		};
/* End PBXGroup section */

/* Begin PBXNativeTarget section */
		04B913F02ACF91C90090C17D /* Mobile Computing_W04 */ = {
			isa = PBXNativeTarget;
			buildConfigurationList = 04B914152ACF91CB0090C17D /* Build configuration list for PBXNativeTarget "Mobile Computing_W04" */;
			buildPhases = (
				04B913ED2ACF91C90090C17D /* Sources */,
				04B913EE2ACF91C90090C17D /* Frameworks */,
				04B913EF2ACF91C90090C17D /* Resources */,
			);
			buildRules = (
			);
			dependencies = (
			);
			name = "Mobile Computing_W04";
			productName = "Mobile Computing_W04";
			productReference = 04B913F12ACF91C90090C17D /* Mobile Computing_W04.app */;
			productType = "com.apple.product-type.application";
		};
		04B914002ACF91CB0090C17D /* Mobile Computing_W04Tests */ = {
			isa = PBXNativeTarget;
			buildConfigurationList = 04B914182ACF91CB0090C17D /* Build configuration list for PBXNativeTarget "Mobile Computing_W04Tests" */;
			buildPhases = (
				04B913FD2ACF91CB0090C17D /* Sources */,
				04B913FE2ACF91CB0090C17D /* Frameworks */,
				04B913FF2ACF91CB0090C17D /* Resources */,
			);
			buildRules = (
			);
			dependencies = (
				04B914032ACF91CB0090C17D /* PBXTargetDependency */,
			);
			name = "Mobile Computing_W04Tests";
			productName = "Mobile Computing_W04Tests";
			productReference = 04B914012ACF91CB0090C17D /* Mobile Computing_W04Tests.xctest */;
			productType = "com.apple.product-type.bundle.unit-test";
		};
		04B9140A2ACF91CB0090C17D /* Mobile Computing_W04UITests */ = {
			isa = PBXNativeTarget;
			buildConfigurationList = 04B9141B2ACF91CB0090C17D /* Build configuration list for PBXNativeTarget "Mobile Computing_W04UITests" */;
			buildPhases = (
				04B914072ACF91CB0090C17D /* Sources */,
				04B914082ACF91CB0090C17D /* Frameworks */,
				04B914092ACF91CB0090C17D /* Resources */,
			);
			buildRules = (
			);
			dependencies = (
				04B9140D2ACF91CB0090C17D /* PBXTargetDependency */,
			);
			name = "Mobile Computing_W04UITests";
			productName = "Mobile Computing_W04UITests";
			productReference = 04B9140B2ACF91CB0090C17D /* Mobile Computing_W04UITests.xctest */;
			productType = "com.apple.product-type.bundle.ui-testing";
		};
/* End PBXNativeTarget section */

/* Begin PBXProject section */
		04B913E92ACF91C90090C17D /* Project object */ = {
			isa = PBXProject;
			attributes = {
				BuildIndependentTargetsInParallel = 1;
				LastSwiftUpdateCheck = 1500;
				LastUpgradeCheck = 1500;
				TargetAttributes = {
					04B913F02ACF91C90090C17D = {
						CreatedOnToolsVersion = 15.0;
					};
					04B914002ACF91CB0090C17D = {
						CreatedOnToolsVersion = 15.0;
						TestTargetID = 04B913F02ACF91C90090C17D;
					};
					04B9140A2ACF91CB0090C17D = {
						CreatedOnToolsVersion = 15.0;
						TestTargetID = 04B913F02ACF91C90090C17D;
					};
				};
			};
			buildConfigurationList = 04B913EC2ACF91C90090C17D /* Build configuration list for PBXProject "Mobile Computing_W04" */;
			compatibilityVersion = "Xcode 14.0";
			developmentRegion = en;
			hasScannedForEncodings = 0;
			knownRegions = (
				en,
				Base,
			);
			mainGroup = 04B913E82ACF91C90090C17D;
			productRefGroup = 04B913F22ACF91C90090C17D /* Products */;
			projectDirPath = "";
			projectRoot = "";
			targets = (
				04B913F02ACF91C90090C17D /* Mobile Computing_W04 */,
				04B914002ACF91CB0090C17D /* Mobile Computing_W04Tests */,
				04B9140A2ACF91CB0090C17D /* Mobile Computing_W04UITests */,
			);
		};
/* End PBXProject section */

/* Begin PBXResourcesBuildPhase section */
		04B913EF2ACF91C90090C17D /* Resources */ = {
			isa = PBXResourcesBuildPhase;
			buildActionMask = 2147483647;
			files = (
				04B913FC2ACF91CB0090C17D /* Preview Assets.xcassets in Resources */,
				04B913F92ACF91CB0090C17D /* Assets.xcassets in Resources */,
			);
			runOnlyForDeploymentPostprocessing = 0;
		};
		04B913FF2ACF91CB0090C17D /* Resources */ = {
			isa = PBXResourcesBuildPhase;
			buildActionMask = 2147483647;
			files = (
			);
			runOnlyForDeploymentPostprocessing = 0;
		};
		04B914092ACF91CB0090C17D /* Resources */ = {
			isa = PBXResourcesBuildPhase;
			buildActionMask = 2147483647;
			files = (
			);
			runOnlyForDeploymentPostprocessing = 0;
		};
/* End PBXResourcesBuildPhase section */

/* Begin PBXSourcesBuildPhase section */
		04B913ED2ACF91C90090C17D /* Sources */ = {
			isa = PBXSourcesBuildPhase;
			buildActionMask = 2147483647;
			files = (
				04B913F72ACF91C90090C17D /* ContentView.swift in Sources */,
				04B913F52ACF91C90090C17D /* Mobile_Computing_W04App.swift in Sources */,
			);
			runOnlyForDeploymentPostprocessing = 0;
		};
		04B913FD2ACF91CB0090C17D /* Sources */ = {
			isa = PBXSourcesBuildPhase;
			buildActionMask = 2147483647;
			files = (
				04B914062ACF91CB0090C17D /* Mobile_Computing_W04Tests.swift in Sources */,
			);
			runOnlyForDeploymentPostprocessing = 0;
		};
		04B914072ACF91CB0090C17D /* Sources */ = {
			isa = PBXSourcesBuildPhase;
			buildActionMask = 2147483647;
			files = (
				04B914102ACF91CB0090C17D /* Mobile_Computing_W04UITests.swift in Sources */,
				04B914122ACF91CB0090C17D /* Mobile_Computing_W04UITestsLaunchTests.swift in Sources */,
			);
			runOnlyForDeploymentPostprocessing = 0;
		};
/* End PBXSourcesBuildPhase section */

/* Begin PBXTargetDependency section */
		04B914032ACF91CB0090C17D /* PBXTargetDependency */ = {
			isa = PBXTargetDependency;
			target = 04B913F02ACF91C90090C17D /* Mobile Computing_W04 */;
			targetProxy = 04B914022ACF91CB0090C17D /* PBXContainerItemProxy */;
		};
		04B9140D2ACF91CB0090C17D /* PBXTargetDependency */ = {
			isa = PBXTargetDependency;
			target = 04B913F02ACF91C90090C17D /* Mobile Computing_W04 */;
			targetProxy = 04B9140C2ACF91CB0090C17D /* PBXContainerItemProxy */;
		};
/* End PBXTargetDependency section */

/* Begin XCBuildConfiguration section */
		04B914132ACF91CB0090C17D /* Debug */ = {
			isa = XCBuildConfiguration;
			buildSettings = {
				ALWAYS_SEARCH_USER_PATHS = NO;
				ASSETCATALOG_COMPILER_GENERATE_SWIFT_ASSET_SYMBOL_EXTENSIONS = YES;
				CLANG_ANALYZER_NONNULL = YES;
				CLANG_ANALYZER_NUMBER_OBJECT_CONVERSION = YES_AGGRESSIVE;
				CLANG_CXX_LANGUAGE_STANDARD = "gnu++20";
				CLANG_ENABLE_MODULES = YES;
				CLANG_ENABLE_OBJC_ARC = YES;
				CLANG_ENABLE_OBJC_WEAK = YES;
				CLANG_WARN_BLOCK_CAPTURE_AUTORELEASING = YES;
				CLANG_WARN_BOOL_CONVERSION = YES;
				CLANG_WARN_COMMA = YES;
				CLANG_WARN_CONSTANT_CONVERSION = YES;
				CLANG_WARN_DEPRECATED_OBJC_IMPLEMENTATIONS = YES;
				CLANG_WARN_DIRECT_OBJC_ISA_USAGE = YES_ERROR;
				CLANG_WARN_DOCUMENTATION_COMMENTS = YES;
				CLANG_WARN_EMPTY_BODY = YES;
				CLANG_WARN_ENUM_CONVERSION = YES;
				CLANG_WARN_INFINITE_RECURSION = YES;
				CLANG_WARN_INT_CONVERSION = YES;
				CLANG_WARN_NON_LITERAL_NULL_CONVERSION = YES;
				CLANG_WARN_OBJC_IMPLICIT_RETAIN_SELF = YES;
				CLANG_WARN_OBJC_LITERAL_CONVERSION = YES;
				CLANG_WARN_OBJC_ROOT_CLASS = YES_ERROR;
				CLANG_WARN_QUOTED_INCLUDE_IN_FRAMEWORK_HEADER = YES;
				CLANG_WARN_RANGE_LOOP_ANALYSIS = YES;
				CLANG_WARN_STRICT_PROTOTYPES = YES;
				CLANG_WARN_SUSPICIOUS_MOVE = YES;
				CLANG_WARN_UNGUARDED_AVAILABILITY = YES_AGGRESSIVE;
				CLANG_WARN_UNREACHABLE_CODE = YES;
				CLANG_WARN__DUPLICATE_METHOD_MATCH = YES;
				COPY_PHASE_STRIP = NO;
				DEBUG_INFORMATION_FORMAT = dwarf;
				ENABLE_STRICT_OBJC_MSGSEND = YES;
				ENABLE_TESTABILITY = YES;
				ENABLE_USER_SCRIPT_SANDBOXING = YES;
				GCC_C_LANGUAGE_STANDARD = gnu17;
				GCC_DYNAMIC_NO_PIC = NO;
				GCC_NO_COMMON_BLOCKS = YES;
				GCC_OPTIMIZATION_LEVEL = 0;
				GCC_PREPROCESSOR_DEFINITIONS = (
					"DEBUG=1",
					"$(inherited)",
				);
				GCC_WARN_64_TO_32_BIT_CONVERSION = YES;
				GCC_WARN_ABOUT_RETURN_TYPE = YES_ERROR;
				GCC_WARN_UNDECLARED_SELECTOR = YES;
				GCC_WARN_UNINITIALIZED_AUTOS = YES_AGGRESSIVE;
				GCC_WARN_UNUSED_FUNCTION = YES;
				GCC_WARN_UNUSED_VARIABLE = YES;
				IPHONEOS_DEPLOYMENT_TARGET = 17.0;
				LOCALIZATION_PREFERS_STRING_CATALOGS = YES;
				MTL_ENABLE_DEBUG_INFO = INCLUDE_SOURCE;
				MTL_FAST_MATH = YES;
				ONLY_ACTIVE_ARCH = YES;
				SDKROOT = iphoneos;
				SWIFT_ACTIVE_COMPILATION_CONDITIONS = "DEBUG $(inherited)";
				SWIFT_OPTIMIZATION_LEVEL = "-Onone";
			};
			name = Debug;
		};
		04B914142ACF91CB0090C17D /* Release */ = {
			isa = XCBuildConfiguration;
			buildSettings = {
				ALWAYS_SEARCH_USER_PATHS = NO;
				ASSETCATALOG_COMPILER_GENERATE_SWIFT_ASSET_SYMBOL_EXTENSIONS = YES;
				CLANG_ANALYZER_NONNULL = YES;
				CLANG_ANALYZER_NUMBER_OBJECT_CONVERSION = YES_AGGRESSIVE;
				CLANG_CXX_LANGUAGE_STANDARD = "gnu++20";
				CLANG_ENABLE_MODULES = YES;
				CLANG_ENABLE_OBJC_ARC = YES;
				CLANG_ENABLE_OBJC_WEAK = YES;
				CLANG_WARN_BLOCK_CAPTURE_AUTORELEASING = YES;
				CLANG_WARN_BOOL_CONVERSION = YES;
				CLANG_WARN_COMMA = YES;
				CLANG_WARN_CONSTANT_CONVERSION = YES;
				CLANG_WARN_DEPRECATED_OBJC_IMPLEMENTATIONS = YES;
				CLANG_WARN_DIRECT_OBJC_ISA_USAGE = YES_ERROR;
				CLANG_WARN_DOCUMENTATION_COMMENTS = YES;
				CLANG_WARN_EMPTY_BODY = YES;
				CLANG_WARN_ENUM_CONVERSION = YES;
				CLANG_WARN_INFINITE_RECURSION = YES;
				CLANG_WARN_INT_CONVERSION = YES;
				CLANG_WARN_NON_LITERAL_NULL_CONVERSION = YES;
				CLANG_WARN_OBJC_IMPLICIT_RETAIN_SELF = YES;
				CLANG_WARN_OBJC_LITERAL_CONVERSION = YES;
				CLANG_WARN_OBJC_ROOT_CLASS = YES_ERROR;
				CLANG_WARN_QUOTED_INCLUDE_IN_FRAMEWORK_HEADER = YES;
				CLANG_WARN_RANGE_LOOP_ANALYSIS = YES;
				CLANG_WARN_STRICT_PROTOTYPES = YES;
				CLANG_WARN_SUSPICIOUS_MOVE = YES;
				CLANG_WARN_UNGUARDED_AVAILABILITY = YES_AGGRESSIVE;
				CLANG_WARN_UNREACHABLE_CODE = YES;
				CLANG_WARN__DUPLICATE_METHOD_MATCH = YES;
				COPY_PHASE_STRIP = NO;
				DEBUG_INFORMATION_FORMAT = "dwarf-with-dsym";
				ENABLE_NS_ASSERTIONS = NO;
				ENABLE_STRICT_OBJC_MSGSEND = YES;
				ENABLE_USER_SCRIPT_SANDBOXING = YES;
				GCC_C_LANGUAGE_STANDARD = gnu17;
				GCC_NO_COMMON_BLOCKS = YES;
				GCC_WARN_64_TO_32_BIT_CONVERSION = YES;
				GCC_WARN_ABOUT_RETURN_TYPE = YES_ERROR;
				GCC_WARN_UNDECLARED_SELECTOR = YES;
				GCC_WARN_UNINITIALIZED_AUTOS = YES_AGGRESSIVE;
				GCC_WARN_UNUSED_FUNCTION = YES;
				GCC_WARN_UNUSED_VARIABLE = YES;
				IPHONEOS_DEPLOYMENT_TARGET = 17.0;
				LOCALIZATION_PREFERS_STRING_CATALOGS = YES;
				MTL_ENABLE_DEBUG_INFO = NO;
				MTL_FAST_MATH = YES;
				SDKROOT = iphoneos;
				SWIFT_COMPILATION_MODE = wholemodule;
				VALIDATE_PRODUCT = YES;
			};
			name = Release;
		};
		04B914162ACF91CB0090C17D /* Debug */ = {
			isa = XCBuildConfiguration;
			buildSettings = {
				ASSETCATALOG_COMPILER_APPICON_NAME = AppIcon;
				ASSETCATALOG_COMPILER_GLOBAL_ACCENT_COLOR_NAME = AccentColor;
				CODE_SIGN_STYLE = Automatic;
				CURRENT_PROJECT_VERSION = 1;
				DEVELOPMENT_ASSET_PATHS = "\"Mobile Computing_W04/Preview Content\"";
				DEVELOPMENT_TEAM = QN3649AH56;
				ENABLE_PREVIEWS = YES;
				GENERATE_INFOPLIST_FILE = YES;
				INFOPLIST_KEY_UIApplicationSceneManifest_Generation = YES;
				INFOPLIST_KEY_UIApplicationSupportsIndirectInputEvents = YES;
				INFOPLIST_KEY_UILaunchScreen_Generation = YES;
				INFOPLIST_KEY_UISupportedInterfaceOrientations_iPad = "UIInterfaceOrientationPortrait UIInterfaceOrientationPortraitUpsideDown UIInterfaceOrientationLandscapeLeft UIInterfaceOrientationLandscapeRight";
				INFOPLIST_KEY_UISupportedInterfaceOrientations_iPhone = "UIInterfaceOrientationPortrait UIInterfaceOrientationLandscapeLeft UIInterfaceOrientationLandscapeRight";
				LD_RUNPATH_SEARCH_PATHS = (
					"$(inherited)",
					"@executable_path/Frameworks",
				);
				MARKETING_VERSION = 1.0;
				PRODUCT_BUNDLE_IDENTIFIER = "Lisandra.Mobile-Computing-W04";
				PRODUCT_NAME = "$(TARGET_NAME)";
				SWIFT_EMIT_LOC_STRINGS = YES;
				SWIFT_VERSION = 5.0;
				TARGETED_DEVICE_FAMILY = "1,2";
			};
			name = Debug;
		};
		04B914172ACF91CB0090C17D /* Release */ = {
			isa = XCBuildConfiguration;
			buildSettings = {
				ASSETCATALOG_COMPILER_APPICON_NAME = AppIcon;
				ASSETCATALOG_COMPILER_GLOBAL_ACCENT_COLOR_NAME = AccentColor;
				CODE_SIGN_STYLE = Automatic;
				CURRENT_PROJECT_VERSION = 1;
				DEVELOPMENT_ASSET_PATHS = "\"Mobile Computing_W04/Preview Content\"";
				DEVELOPMENT_TEAM = QN3649AH56;
				ENABLE_PREVIEWS = YES;
				GENERATE_INFOPLIST_FILE = YES;
				INFOPLIST_KEY_UIApplicationSceneManifest_Generation = YES;
				INFOPLIST_KEY_UIApplicationSupportsIndirectInputEvents = YES;
				INFOPLIST_KEY_UILaunchScreen_Generation = YES;
				INFOPLIST_KEY_UISupportedInterfaceOrientations_iPad = "UIInterfaceOrientationPortrait UIInterfaceOrientationPortraitUpsideDown UIInterfaceOrientationLandscapeLeft UIInterfaceOrientationLandscapeRight";
				INFOPLIST_KEY_UISupportedInterfaceOrientations_iPhone = "UIInterfaceOrientationPortrait UIInterfaceOrientationLandscapeLeft UIInterfaceOrientationLandscapeRight";
				LD_RUNPATH_SEARCH_PATHS = (
					"$(inherited)",
					"@executable_path/Frameworks",
				);
				MARKETING_VERSION = 1.0;
				PRODUCT_BUNDLE_IDENTIFIER = "Lisandra.Mobile-Computing-W04";
				PRODUCT_NAME = "$(TARGET_NAME)";
				SWIFT_EMIT_LOC_STRINGS = YES;
				SWIFT_VERSION = 5.0;
				TARGETED_DEVICE_FAMILY = "1,2";
			};
			name = Release;
		};
		04B914192ACF91CB0090C17D /* Debug */ = {
			isa = XCBuildConfiguration;
			buildSettings = {
				ALWAYS_EMBED_SWIFT_STANDARD_LIBRARIES = YES;
				BUNDLE_LOADER = "$(TEST_HOST)";
				CODE_SIGN_STYLE = Automatic;
				CURRENT_PROJECT_VERSION = 1;
				DEVELOPMENT_TEAM = QN3649AH56;
				GENERATE_INFOPLIST_FILE = YES;
				IPHONEOS_DEPLOYMENT_TARGET = 17.0;
				MARKETING_VERSION = 1.0;
				PRODUCT_BUNDLE_IDENTIFIER = "Lisandra.Mobile-Computing-W04Tests";
				PRODUCT_NAME = "$(TARGET_NAME)";
				SWIFT_EMIT_LOC_STRINGS = NO;
				SWIFT_VERSION = 5.0;
				TARGETED_DEVICE_FAMILY = "1,2";
				TEST_HOST = "$(BUILT_PRODUCTS_DIR)/Mobile Computing_W04.app/$(BUNDLE_EXECUTABLE_FOLDER_PATH)/Mobile Computing_W04";
			};
			name = Debug;
		};
		04B9141A2ACF91CB0090C17D /* Release */ = {
			isa = XCBuildConfiguration;
			buildSettings = {
				ALWAYS_EMBED_SWIFT_STANDARD_LIBRARIES = YES;
				BUNDLE_LOADER = "$(TEST_HOST)";
				CODE_SIGN_STYLE = Automatic;
				CURRENT_PROJECT_VERSION = 1;
				DEVELOPMENT_TEAM = QN3649AH56;
				GENERATE_INFOPLIST_FILE = YES;
				IPHONEOS_DEPLOYMENT_TARGET = 17.0;
				MARKETING_VERSION = 1.0;
				PRODUCT_BUNDLE_IDENTIFIER = "Lisandra.Mobile-Computing-W04Tests";
				PRODUCT_NAME = "$(TARGET_NAME)";
				SWIFT_EMIT_LOC_STRINGS = NO;
				SWIFT_VERSION = 5.0;
				TARGETED_DEVICE_FAMILY = "1,2";
				TEST_HOST = "$(BUILT_PRODUCTS_DIR)/Mobile Computing_W04.app/$(BUNDLE_EXECUTABLE_FOLDER_PATH)/Mobile Computing_W04";
			};
			name = Release;
		};
		04B9141C2ACF91CB0090C17D /* Debug */ = {
			isa = XCBuildConfiguration;
			buildSettings = {
				ALWAYS_EMBED_SWIFT_STANDARD_LIBRARIES = YES;
				CODE_SIGN_STYLE = Automatic;
				CURRENT_PROJECT_VERSION = 1;
				DEVELOPMENT_TEAM = QN3649AH56;
				GENERATE_INFOPLIST_FILE = YES;
				MARKETING_VERSION = 1.0;
				PRODUCT_BUNDLE_IDENTIFIER = "Lisandra.Mobile-Computing-W04UITests";
				PRODUCT_NAME = "$(TARGET_NAME)";
				SWIFT_EMIT_LOC_STRINGS = NO;
				SWIFT_VERSION = 5.0;
				TARGETED_DEVICE_FAMILY = "1,2";
				TEST_TARGET_NAME = "Mobile Computing_W04";
			};
			name = Debug;
		};
		04B9141D2ACF91CB0090C17D /* Release */ = {
			isa = XCBuildConfiguration;
			buildSettings = {
				ALWAYS_EMBED_SWIFT_STANDARD_LIBRARIES = YES;
				CODE_SIGN_STYLE = Automatic;
				CURRENT_PROJECT_VERSION = 1;
				DEVELOPMENT_TEAM = QN3649AH56;
				GENERATE_INFOPLIST_FILE = YES;
				MARKETING_VERSION = 1.0;
				PRODUCT_BUNDLE_IDENTIFIER = "Lisandra.Mobile-Computing-W04UITests";
				PRODUCT_NAME = "$(TARGET_NAME)";
				SWIFT_EMIT_LOC_STRINGS = NO;
				SWIFT_VERSION = 5.0;
				TARGETED_DEVICE_FAMILY = "1,2";
				TEST_TARGET_NAME = "Mobile Computing_W04";
			};
			name = Release;
		};
/* End XCBuildConfiguration section */

/* Begin XCConfigurationList section */
		04B913EC2ACF91C90090C17D /* Build configuration list for PBXProject "Mobile Computing_W04" */ = {
			isa = XCConfigurationList;
			buildConfigurations = (
				04B914132ACF91CB0090C17D /* Debug */,
				04B914142ACF91CB0090C17D /* Release */,
			);
			defaultConfigurationIsVisible = 0;
			defaultConfigurationName = Release;
		};
		04B914152ACF91CB0090C17D /* Build configuration list for PBXNativeTarget "Mobile Computing_W04" */ = {
			isa = XCConfigurationList;
			buildConfigurations = (
				04B914162ACF91CB0090C17D /* Debug */,
				04B914172ACF91CB0090C17D /* Release */,
			);
			defaultConfigurationIsVisible = 0;
			defaultConfigurationName = Release;
		};
		04B914182ACF91CB0090C17D /* Build configuration list for PBXNativeTarget "Mobile Computing_W04Tests" */ = {
			isa = XCConfigurationList;
			buildConfigurations = (
				04B914192ACF91CB0090C17D /* Debug */,
				04B9141A2ACF91CB0090C17D /* Release */,
			);
			defaultConfigurationIsVisible = 0;
			defaultConfigurationName = Release;
		};
		04B9141B2ACF91CB0090C17D /* Build configuration list for PBXNativeTarget "Mobile Computing_W04UITests" */ = {
			isa = XCConfigurationList;
			buildConfigurations = (
				04B9141C2ACF91CB0090C17D /* Debug */,
				04B9141D2ACF91CB0090C17D /* Release */,
			);
			defaultConfigurationIsVisible = 0;
			defaultConfigurationName = Release;
		};
/* End XCConfigurationList section */
	};
	rootObject = 04B913E92ACF91C90090C17D /* Project object */;
}
